# This file is autogenerated, do not edit; changes may be undone by the next 'dep ensure'.


[[projects]]
  branch = "master"
  name = "github.com/gutengo/pd"
  packages = ["."]
  revision = "b9c648b94dac52a2d461b09ec733ef712b15441e"

[solve-meta]
  analyzer-name = "dep"
  analyzer-version = 1
  inputs-digest = "3ac172cc758fbaa454728e83041e2ea387807c483d50262eba0b36b93b5d8413"
  solver-name = "gps-cdcl"
  solver-version = 1
